
Microsoft Visual Studio Solution File, Format Version 12.00
# Visual Studio Version 16
VisualStudioVersion = 16.0.29613.14
MinimumVisualStudioVersion = 10.0.40219.1
Project("{FAE04EC0-301F-11D3-BF4B-00C04F79EFBC}") = "CafeCPE", "CafeCPE\CafeCPE.csproj", "{20353B55-2004-4D78-893E-4DA2E1B6940B}"
EndProject
Global
	GlobalSection(SolutionConfigurationPlatforms) = preSolution
		Debug|Any CPU = Debug|Any CPU
		Release|Any CPU = Release|Any CPU
	EndGlobalSection
	GlobalSection(ProjectConfigurationPlatforms) = postSolution
		{20353B55-2004-4D78-893E-4DA2E1B6940B}.Debug|Any CPU.ActiveCfg = Debug|Any CPU
		{20353B55-2004-4D78-893E-4DA2E1B6940B}.Debug|Any CPU.Build.0 = Debug|Any CPU
		{20353B55-2004-4D78-893E-4DA2E1B6940B}.Release|Any CPU.ActiveCfg = Release|Any CPU
		{20353B55-2004-4D78-893E-4DA2E1B6940B}.Release|Any CPU.Build.0 = Release|Any CPU
	EndGlobalSection
	GlobalSection(SolutionProperties) = preSolution
		HideSolutionNode = FALSE
	EndGlobalSection
	GlobalSection(ExtensibilityGlobals) = postSolution
		SolutionGuid = {82D367AD-8578-4DA2-B81B-E0C8BC678D91}
	EndGlobalSection
EndGlobal
